
Microsoft Visual Studio Solution File, Format Version 12.00
# Visual Studio 15
VisualStudioVersion = 15.0.28307.329
MinimumVisualStudioVersion = 10.0.40219.1
Project("{FAE04EC0-301F-11D3-BF4B-00C04F79EFBC}") = "DoprePraktyki", "DoprePraktyki\DoprePraktyki.csproj", "{D152C154-5EED-4B9D-B2A6-7126003A3C10}"
EndProject
Global
	GlobalSection(SolutionConfigurationPlatforms) = preSolution
		Debug|Any CPU = Debug|Any CPU
		Release|Any CPU = Release|Any CPU
	EndGlobalSection
	GlobalSection(ProjectConfigurationPlatforms) = postSolution
		{D152C154-5EED-4B9D-B2A6-7126003A3C10}.Debug|Any CPU.ActiveCfg = Debug|Any CPU
		{D152C154-5EED-4B9D-B2A6-7126003A3C10}.Debug|Any CPU.Build.0 = Debug|Any CPU
		{D152C154-5EED-4B9D-B2A6-7126003A3C10}.Release|Any CPU.ActiveCfg = Release|Any CPU
		{D152C154-5EED-4B9D-B2A6-7126003A3C10}.Release|Any CPU.Build.0 = Release|Any CPU
	EndGlobalSection
	GlobalSection(SolutionProperties) = preSolution
		HideSolutionNode = FALSE
	EndGlobalSection
	GlobalSection(ExtensibilityGlobals) = postSolution
		SolutionGuid = {64BFFC9D-8058-4A9D-835E-5F538A1C100E}
	EndGlobalSection
EndGlobal
